
Microsoft Visual Studio Solution File, Format Version 12.00
# Visual Studio Version 17
VisualStudioVersion = 17.4.33213.308
MinimumVisualStudioVersion = 10.0.40219.1
Project("{9A19103F-16F7-4668-BE54-9A1E7A4F7556}") = "Api", "Api\Api.csproj", "{E2A77372-F68A-43FF-96EC-77F2E55AD23E}"
EndProject
Project("{9A19103F-16F7-4668-BE54-9A1E7A4F7556}") = "Persistence", "Persistence\Persistence.csproj", "{5E686420-FE2D-4DF6-86F5-060022DCC524}"
EndProject
Project("{9A19103F-16F7-4668-BE54-9A1E7A4F7556}") = "Interfaces", "Interfaces\Interfaces.csproj", "{799A75B3-1397-49B1-B48C-338D5B106C75}"
EndProject
Project("{9A19103F-16F7-4668-BE54-9A1E7A4F7556}") = "Stream", "Stream\Stream.csproj", "{45A8B025-D138-4C22-9F88-841296530645}"
EndProject
Project("{9A19103F-16F7-4668-BE54-9A1E7A4F7556}") = "UserCases", "UserCases\UserCases.csproj", "{BD30A732-125F-40F6-95EB-8F631DE0246B}"
EndProject
Project("{9A19103F-16F7-4668-BE54-9A1E7A4F7556}") = "Domain", "Domain\Domain.csproj", "{6A0CFFB2-4A3B-47EC-B4E8-B49E5FB6C300}"
EndProject
Global
	GlobalSection(SolutionConfigurationPlatforms) = preSolution
		Debug|Any CPU = Debug|Any CPU
		Release|Any CPU = Release|Any CPU
	EndGlobalSection
	GlobalSection(ProjectConfigurationPlatforms) = postSolution
		{E2A77372-F68A-43FF-96EC-77F2E55AD23E}.Debug|Any CPU.ActiveCfg = Debug|Any CPU
		{E2A77372-F68A-43FF-96EC-77F2E55AD23E}.Debug|Any CPU.Build.0 = Debug|Any CPU
		{E2A77372-F68A-43FF-96EC-77F2E55AD23E}.Release|Any CPU.ActiveCfg = Release|Any CPU
		{E2A77372-F68A-43FF-96EC-77F2E55AD23E}.Release|Any CPU.Build.0 = Release|Any CPU
		{4EE26B66-1BCF-49CA-B51C-93F6FD4B3409}.Debug|Any CPU.ActiveCfg = Debug|Any CPU
		{4EE26B66-1BCF-49CA-B51C-93F6FD4B3409}.Debug|Any CPU.Build.0 = Debug|Any CPU
		{4EE26B66-1BCF-49CA-B51C-93F6FD4B3409}.Release|Any CPU.ActiveCfg = Release|Any CPU
		{4EE26B66-1BCF-49CA-B51C-93F6FD4B3409}.Release|Any CPU.Build.0 = Release|Any CPU
		{5E686420-FE2D-4DF6-86F5-060022DCC524}.Debug|Any CPU.ActiveCfg = Debug|Any CPU
		{5E686420-FE2D-4DF6-86F5-060022DCC524}.Debug|Any CPU.Build.0 = Debug|Any CPU
		{5E686420-FE2D-4DF6-86F5-060022DCC524}.Release|Any CPU.ActiveCfg = Release|Any CPU
		{5E686420-FE2D-4DF6-86F5-060022DCC524}.Release|Any CPU.Build.0 = Release|Any CPU
		{799A75B3-1397-49B1-B48C-338D5B106C75}.Debug|Any CPU.ActiveCfg = Debug|Any CPU
		{799A75B3-1397-49B1-B48C-338D5B106C75}.Debug|Any CPU.Build.0 = Debug|Any CPU
		{799A75B3-1397-49B1-B48C-338D5B106C75}.Release|Any CPU.ActiveCfg = Release|Any CPU
		{799A75B3-1397-49B1-B48C-338D5B106C75}.Release|Any CPU.Build.0 = Release|Any CPU
		{45A8B025-D138-4C22-9F88-841296530645}.Debug|Any CPU.ActiveCfg = Debug|Any CPU
		{45A8B025-D138-4C22-9F88-841296530645}.Debug|Any CPU.Build.0 = Debug|Any CPU
		{45A8B025-D138-4C22-9F88-841296530645}.Release|Any CPU.ActiveCfg = Release|Any CPU
		{45A8B025-D138-4C22-9F88-841296530645}.Release|Any CPU.Build.0 = Release|Any CPU
		{BD30A732-125F-40F6-95EB-8F631DE0246B}.Debug|Any CPU.ActiveCfg = Debug|Any CPU
		{BD30A732-125F-40F6-95EB-8F631DE0246B}.Debug|Any CPU.Build.0 = Debug|Any CPU
		{BD30A732-125F-40F6-95EB-8F631DE0246B}.Release|Any CPU.ActiveCfg = Release|Any CPU
		{BD30A732-125F-40F6-95EB-8F631DE0246B}.Release|Any CPU.Build.0 = Release|Any CPU
		{6A0CFFB2-4A3B-47EC-B4E8-B49E5FB6C300}.Debug|Any CPU.ActiveCfg = Debug|Any CPU
		{6A0CFFB2-4A3B-47EC-B4E8-B49E5FB6C300}.Debug|Any CPU.Build.0 = Debug|Any CPU
		{6A0CFFB2-4A3B-47EC-B4E8-B49E5FB6C300}.Release|Any CPU.ActiveCfg = Release|Any CPU
		{6A0CFFB2-4A3B-47EC-B4E8-B49E5FB6C300}.Release|Any CPU.Build.0 = Release|Any CPU
	EndGlobalSection
	GlobalSection(SolutionProperties) = preSolution
		HideSolutionNode = FALSE
	EndGlobalSection
	GlobalSection(ExtensibilityGlobals) = postSolution
		SolutionGuid = {AC89ABCF-D6D3-48AB-8960-887E2BBAF1F3}
	EndGlobalSection
EndGlobal
